
Microsoft Visual Studio Solution File, Format Version 12.00
# Visual Studio Version 17
VisualStudioVersion = 17.7.34031.279
MinimumVisualStudioVersion = 10.0.40219.1
Project("{9A19103F-16F7-4668-BE54-9A1E7A4F7556}") = "HalloDocApp", "HalloDocApp\HalloDocApp.csproj", "{9D1D6997-E789-44DA-A786-1E9525088BDF}"
EndProject
Project("{9A19103F-16F7-4668-BE54-9A1E7A4F7556}") = "HalloDocApp.Entities", "HalloDocApp.Entities\HalloDocApp.Entities.csproj", "{621F0265-FA22-49EF-A9E8-950EB7396FDA}"
EndProject
Project("{9A19103F-16F7-4668-BE54-9A1E7A4F7556}") = "HalloDocApp.Repositories", "HalloDocApp.Repositories\HalloDocApp.Repositories.csproj", "{DE1581D6-04C2-4258-B49C-4D044CB87B07}"
EndProject
Global
	GlobalSection(SolutionConfigurationPlatforms) = preSolution
		Debug|Any CPU = Debug|Any CPU
		Release|Any CPU = Release|Any CPU
	EndGlobalSection
	GlobalSection(ProjectConfigurationPlatforms) = postSolution
		{9D1D6997-E789-44DA-A786-1E9525088BDF}.Debug|Any CPU.ActiveCfg = Debug|Any CPU
		{9D1D6997-E789-44DA-A786-1E9525088BDF}.Debug|Any CPU.Build.0 = Debug|Any CPU
		{9D1D6997-E789-44DA-A786-1E9525088BDF}.Release|Any CPU.ActiveCfg = Release|Any CPU
		{9D1D6997-E789-44DA-A786-1E9525088BDF}.Release|Any CPU.Build.0 = Release|Any CPU
		{621F0265-FA22-49EF-A9E8-950EB7396FDA}.Debug|Any CPU.ActiveCfg = Debug|Any CPU
		{621F0265-FA22-49EF-A9E8-950EB7396FDA}.Debug|Any CPU.Build.0 = Debug|Any CPU
		{621F0265-FA22-49EF-A9E8-950EB7396FDA}.Release|Any CPU.ActiveCfg = Release|Any CPU
		{621F0265-FA22-49EF-A9E8-950EB7396FDA}.Release|Any CPU.Build.0 = Release|Any CPU
		{DE1581D6-04C2-4258-B49C-4D044CB87B07}.Debug|Any CPU.ActiveCfg = Debug|Any CPU
		{DE1581D6-04C2-4258-B49C-4D044CB87B07}.Debug|Any CPU.Build.0 = Debug|Any CPU
		{DE1581D6-04C2-4258-B49C-4D044CB87B07}.Release|Any CPU.ActiveCfg = Release|Any CPU
		{DE1581D6-04C2-4258-B49C-4D044CB87B07}.Release|Any CPU.Build.0 = Release|Any CPU
	EndGlobalSection
	GlobalSection(SolutionProperties) = preSolution
		HideSolutionNode = FALSE
	EndGlobalSection
	GlobalSection(ExtensibilityGlobals) = postSolution
		SolutionGuid = {90E482D8-042E-4CE6-B255-01B899F69028}
	EndGlobalSection
EndGlobal
